
Microsoft Visual Studio Solution File, Format Version 12.00
# Visual Studio Version 16
VisualStudioVersion = 16.0.31129.286
MinimumVisualStudioVersion = 10.0.40219.1
Project("{9A19103F-16F7-4668-BE54-9A1E7A4F7556}") = "Salt.Gui", "Salt\Salt.Gui.csproj", "{657AC0E0-F6A9-4375-9C40-E871F95F5753}"
EndProject
Project("{9A19103F-16F7-4668-BE54-9A1E7A4F7556}") = "Salt.Interfaces", "..\Salt.Interfaces\Salt.Interfaces\Salt.Interfaces.csproj", "{525571D1-E55E-4423-A915-C076A334F2D0}"
EndProject
Project("{9A19103F-16F7-4668-BE54-9A1E7A4F7556}") = "Salt.Contacts", "..\Salt.Contacts\Salt.Contacts\Salt.Contacts.csproj", "{AE94B4FB-C08D-4D15-AE13-8E74EC7E38C6}"
EndProject
Project("{9A19103F-16F7-4668-BE54-9A1E7A4F7556}") = "Salt.Shared", "..\Salt.Shared\Salt.Shared\Salt.Shared.csproj", "{83D147AC-7308-4DAC-82FE-0A858D2D0141}"
EndProject
Project("{9A19103F-16F7-4668-BE54-9A1E7A4F7556}") = "Salt.Business", "..\Salt.Business\Salt.Business\Salt.Business.csproj", "{34A0EE03-8F2D-42C7-8B7D-7F74E06AC38E}"
EndProject
Project("{FAE04EC0-301F-11D3-BF4B-00C04F79EFBC}") = "Salt.Cypher", "..\Salt.Cypher\Salt.Cypher\Salt.Cypher.csproj", "{B75093B6-D1A5-416B-993D-A615328F7FD5}"
EndProject
Project("{FAE04EC0-301F-11D3-BF4B-00C04F79EFBC}") = "Salt.Messages", "..\Salt.Messages\Salt.Messages\Salt.Messages.csproj", "{64A54646-067E-45DF-92D0-08CAA2C497F9}"
EndProject
Global
	GlobalSection(SolutionConfigurationPlatforms) = preSolution
		Debug|Any CPU = Debug|Any CPU
		Release|Any CPU = Release|Any CPU
	EndGlobalSection
	GlobalSection(ProjectConfigurationPlatforms) = postSolution
		{657AC0E0-F6A9-4375-9C40-E871F95F5753}.Debug|Any CPU.ActiveCfg = Debug|Any CPU
		{657AC0E0-F6A9-4375-9C40-E871F95F5753}.Debug|Any CPU.Build.0 = Debug|Any CPU
		{657AC0E0-F6A9-4375-9C40-E871F95F5753}.Release|Any CPU.ActiveCfg = Release|Any CPU
		{657AC0E0-F6A9-4375-9C40-E871F95F5753}.Release|Any CPU.Build.0 = Release|Any CPU
		{525571D1-E55E-4423-A915-C076A334F2D0}.Debug|Any CPU.ActiveCfg = Debug|Any CPU
		{525571D1-E55E-4423-A915-C076A334F2D0}.Debug|Any CPU.Build.0 = Debug|Any CPU
		{525571D1-E55E-4423-A915-C076A334F2D0}.Release|Any CPU.ActiveCfg = Release|Any CPU
		{525571D1-E55E-4423-A915-C076A334F2D0}.Release|Any CPU.Build.0 = Release|Any CPU
		{AE94B4FB-C08D-4D15-AE13-8E74EC7E38C6}.Debug|Any CPU.ActiveCfg = Debug|Any CPU
		{AE94B4FB-C08D-4D15-AE13-8E74EC7E38C6}.Debug|Any CPU.Build.0 = Debug|Any CPU
		{AE94B4FB-C08D-4D15-AE13-8E74EC7E38C6}.Release|Any CPU.ActiveCfg = Release|Any CPU
		{AE94B4FB-C08D-4D15-AE13-8E74EC7E38C6}.Release|Any CPU.Build.0 = Release|Any CPU
		{83D147AC-7308-4DAC-82FE-0A858D2D0141}.Debug|Any CPU.ActiveCfg = Debug|Any CPU
		{83D147AC-7308-4DAC-82FE-0A858D2D0141}.Debug|Any CPU.Build.0 = Debug|Any CPU
		{83D147AC-7308-4DAC-82FE-0A858D2D0141}.Release|Any CPU.ActiveCfg = Release|Any CPU
		{83D147AC-7308-4DAC-82FE-0A858D2D0141}.Release|Any CPU.Build.0 = Release|Any CPU
		{34A0EE03-8F2D-42C7-8B7D-7F74E06AC38E}.Debug|Any CPU.ActiveCfg = Debug|Any CPU
		{34A0EE03-8F2D-42C7-8B7D-7F74E06AC38E}.Debug|Any CPU.Build.0 = Debug|Any CPU
		{34A0EE03-8F2D-42C7-8B7D-7F74E06AC38E}.Release|Any CPU.ActiveCfg = Release|Any CPU
		{34A0EE03-8F2D-42C7-8B7D-7F74E06AC38E}.Release|Any CPU.Build.0 = Release|Any CPU
		{B75093B6-D1A5-416B-993D-A615328F7FD5}.Debug|Any CPU.ActiveCfg = Debug|Any CPU
		{B75093B6-D1A5-416B-993D-A615328F7FD5}.Debug|Any CPU.Build.0 = Debug|Any CPU
		{B75093B6-D1A5-416B-993D-A615328F7FD5}.Release|Any CPU.ActiveCfg = Release|Any CPU
		{B75093B6-D1A5-416B-993D-A615328F7FD5}.Release|Any CPU.Build.0 = Release|Any CPU
		{64A54646-067E-45DF-92D0-08CAA2C497F9}.Debug|Any CPU.ActiveCfg = Debug|Any CPU
		{64A54646-067E-45DF-92D0-08CAA2C497F9}.Debug|Any CPU.Build.0 = Debug|Any CPU
		{64A54646-067E-45DF-92D0-08CAA2C497F9}.Release|Any CPU.ActiveCfg = Release|Any CPU
		{64A54646-067E-45DF-92D0-08CAA2C497F9}.Release|Any CPU.Build.0 = Release|Any CPU
	EndGlobalSection
	GlobalSection(SolutionProperties) = preSolution
		HideSolutionNode = FALSE
	EndGlobalSection
	GlobalSection(ExtensibilityGlobals) = postSolution
		SolutionGuid = {A7DB8315-F9D5-4080-ACC5-6BB4C5A1F412}
	EndGlobalSection
EndGlobal
